
Microsoft Visual Studio Solution File, Format Version 12.00
# Visual Studio Version 17
VisualStudioVersion = 17.12.35707.178
MinimumVisualStudioVersion = 10.0.40219.1
Project("{FAE04EC0-301F-11D3-BF4B-00C04F79EFBC}") = "CommunicationTextbox.WPF", "CommunicationTextBox.WPF\CommunicationTextbox.WPF.csproj", "{A8998B6A-7680-4092-BA84-FDBD6D25185C}"
EndProject
Project("{FAE04EC0-301F-11D3-BF4B-00C04F79EFBC}") = "CommunicationTextBox.Common", "CommunicationTextBox.Common\CommunicationTextBox.Common.csproj", "{E9621543-830F-4E11-A489-841404CC765F}"
EndProject
Project("{FAE04EC0-301F-11D3-BF4B-00C04F79EFBC}") = "CommunicationTextBox.Avalonia", "CommunicationTextBox.Avalonia\CommunicationTextBox.Avalonia.csproj", "{D8B858C5-E42F-4393-B6A2-3DB8050C6BC1}"
EndProject
Global
	GlobalSection(SolutionConfigurationPlatforms) = preSolution
		Debug|Any CPU = Debug|Any CPU
		Release|Any CPU = Release|Any CPU
	EndGlobalSection
	GlobalSection(ProjectConfigurationPlatforms) = postSolution
		{A8998B6A-7680-4092-BA84-FDBD6D25185C}.Debug|Any CPU.ActiveCfg = Debug|Any CPU
		{A8998B6A-7680-4092-BA84-FDBD6D25185C}.Debug|Any CPU.Build.0 = Debug|Any CPU
		{A8998B6A-7680-4092-BA84-FDBD6D25185C}.Release|Any CPU.ActiveCfg = Release|Any CPU
		{A8998B6A-7680-4092-BA84-FDBD6D25185C}.Release|Any CPU.Build.0 = Release|Any CPU
		{E9621543-830F-4E11-A489-841404CC765F}.Debug|Any CPU.ActiveCfg = Debug|Any CPU
		{E9621543-830F-4E11-A489-841404CC765F}.Debug|Any CPU.Build.0 = Debug|Any CPU
		{E9621543-830F-4E11-A489-841404CC765F}.Release|Any CPU.ActiveCfg = Release|Any CPU
		{E9621543-830F-4E11-A489-841404CC765F}.Release|Any CPU.Build.0 = Release|Any CPU
		{D8B858C5-E42F-4393-B6A2-3DB8050C6BC1}.Debug|Any CPU.ActiveCfg = Debug|Any CPU
		{D8B858C5-E42F-4393-B6A2-3DB8050C6BC1}.Debug|Any CPU.Build.0 = Debug|Any CPU
		{D8B858C5-E42F-4393-B6A2-3DB8050C6BC1}.Release|Any CPU.ActiveCfg = Release|Any CPU
		{D8B858C5-E42F-4393-B6A2-3DB8050C6BC1}.Release|Any CPU.Build.0 = Release|Any CPU
	EndGlobalSection
	GlobalSection(SolutionProperties) = preSolution
		HideSolutionNode = FALSE
	EndGlobalSection
EndGlobal
